
Microsoft Visual Studio Solution File, Format Version 12.00
# Visual Studio Version 17
VisualStudioVersion = 17.14.36127.28
MinimumVisualStudioVersion = 10.0.40219.1
Project("{FAE04EC0-301F-11D3-BF4B-00C04F79EFBC}") = "şakir_acar_030423006_libraryProject", "şakir_acar_030423006_libraryProject\şakir_acar_030423006_libraryProject.csproj", "{C8DCF5C7-697F-4075-AC10-387BF0C273AB}"
EndProject
Project("{FAE04EC0-301F-11D3-BF4B-00C04F79EFBC}") = "businessLayer", "businessLayer\businessLayer.csproj", "{7206FD39-C8DC-48EA-BDF8-AC3E84EB77BD}"
EndProject
Project("{FAE04EC0-301F-11D3-BF4B-00C04F79EFBC}") = "dataAccessLayer", "dataAccessLayer\dataAccessLayer.csproj", "{1E378DA8-3290-4458-AA30-BD81AFF20DC2}"
EndProject
Project("{FAE04EC0-301F-11D3-BF4B-00C04F79EFBC}") = "entityLayer", "entityLayer\entityLayer.csproj", "{277AEEBF-A10E-4DAB-8329-228D03C20BCD}"
EndProject
Global
	GlobalSection(SolutionConfigurationPlatforms) = preSolution
		Debug|Any CPU = Debug|Any CPU
		Release|Any CPU = Release|Any CPU
	EndGlobalSection
	GlobalSection(ProjectConfigurationPlatforms) = postSolution
		{C8DCF5C7-697F-4075-AC10-387BF0C273AB}.Debug|Any CPU.ActiveCfg = Debug|Any CPU
		{C8DCF5C7-697F-4075-AC10-387BF0C273AB}.Debug|Any CPU.Build.0 = Debug|Any CPU
		{C8DCF5C7-697F-4075-AC10-387BF0C273AB}.Release|Any CPU.ActiveCfg = Release|Any CPU
		{C8DCF5C7-697F-4075-AC10-387BF0C273AB}.Release|Any CPU.Build.0 = Release|Any CPU
		{7206FD39-C8DC-48EA-BDF8-AC3E84EB77BD}.Debug|Any CPU.ActiveCfg = Debug|Any CPU
		{7206FD39-C8DC-48EA-BDF8-AC3E84EB77BD}.Debug|Any CPU.Build.0 = Debug|Any CPU
		{7206FD39-C8DC-48EA-BDF8-AC3E84EB77BD}.Release|Any CPU.ActiveCfg = Release|Any CPU
		{7206FD39-C8DC-48EA-BDF8-AC3E84EB77BD}.Release|Any CPU.Build.0 = Release|Any CPU
		{1E378DA8-3290-4458-AA30-BD81AFF20DC2}.Debug|Any CPU.ActiveCfg = Debug|Any CPU
		{1E378DA8-3290-4458-AA30-BD81AFF20DC2}.Debug|Any CPU.Build.0 = Debug|Any CPU
		{1E378DA8-3290-4458-AA30-BD81AFF20DC2}.Release|Any CPU.ActiveCfg = Release|Any CPU
		{1E378DA8-3290-4458-AA30-BD81AFF20DC2}.Release|Any CPU.Build.0 = Release|Any CPU
		{277AEEBF-A10E-4DAB-8329-228D03C20BCD}.Debug|Any CPU.ActiveCfg = Debug|Any CPU
		{277AEEBF-A10E-4DAB-8329-228D03C20BCD}.Debug|Any CPU.Build.0 = Debug|Any CPU
		{277AEEBF-A10E-4DAB-8329-228D03C20BCD}.Release|Any CPU.ActiveCfg = Release|Any CPU
		{277AEEBF-A10E-4DAB-8329-228D03C20BCD}.Release|Any CPU.Build.0 = Release|Any CPU
	EndGlobalSection
	GlobalSection(SolutionProperties) = preSolution
		HideSolutionNode = FALSE
	EndGlobalSection
	GlobalSection(ExtensibilityGlobals) = postSolution
		SolutionGuid = {E54B6B75-D435-4797-99A1-798093101D99}
	EndGlobalSection
EndGlobal
